
Microsoft Visual Studio Solution File, Format Version 12.00
# Visual Studio Version 17
VisualStudioVersion = 17.14.36414.22 d17.14
MinimumVisualStudioVersion = 10.0.40219.1
Project("{FAE04EC0-301F-11D3-BF4B-00C04F79EFBC}") = "HttpDisplay.ConApp", "HttpDisplay.ConApp\HttpDisplay.ConApp.csproj", "{89715A2E-3C71-4981-88E2-B6BB66700646}"
EndProject
Global
	GlobalSection(SolutionConfigurationPlatforms) = preSolution
		Debug|Any CPU = Debug|Any CPU
		Release|Any CPU = Release|Any CPU
	EndGlobalSection
	GlobalSection(ProjectConfigurationPlatforms) = postSolution
		{89715A2E-3C71-4981-88E2-B6BB66700646}.Debug|Any CPU.ActiveCfg = Debug|Any CPU
		{89715A2E-3C71-4981-88E2-B6BB66700646}.Debug|Any CPU.Build.0 = Debug|Any CPU
		{89715A2E-3C71-4981-88E2-B6BB66700646}.Release|Any CPU.ActiveCfg = Release|Any CPU
		{89715A2E-3C71-4981-88E2-B6BB66700646}.Release|Any CPU.Build.0 = Release|Any CPU
	EndGlobalSection
	GlobalSection(SolutionProperties) = preSolution
		HideSolutionNode = FALSE
	EndGlobalSection
	GlobalSection(ExtensibilityGlobals) = postSolution
		SolutionGuid = {9002F1C7-2EAB-4BC7-BAB1-F92CA3018477}
	EndGlobalSection
EndGlobal
